
Microsoft Visual Studio Solution File, Format Version 12.00
# Visual Studio Version 16
VisualStudioVersion = 16.0.32802.440
MinimumVisualStudioVersion = 10.0.40219.1
Project("{8BC9CEB8-8B4A-11D0-8D11-00A0C91BC942}") = "test_10_12", "test_10_12\test_10_12.vcxproj", "{5AC474F5-BC00-4871-8ABC-CC85B810C6D4}"
EndProject
Global
	GlobalSection(SolutionConfigurationPlatforms) = preSolution
		Debug|x64 = Debug|x64
		Debug|x86 = Debug|x86
		Release|x64 = Release|x64
		Release|x86 = Release|x86
	EndGlobalSection
	GlobalSection(ProjectConfigurationPlatforms) = postSolution
		{5AC474F5-BC00-4871-8ABC-CC85B810C6D4}.Debug|x64.ActiveCfg = Debug|x64
		{5AC474F5-BC00-4871-8ABC-CC85B810C6D4}.Debug|x64.Build.0 = Debug|x64
		{5AC474F5-BC00-4871-8ABC-CC85B810C6D4}.Debug|x86.ActiveCfg = Debug|Win32
		{5AC474F5-BC00-4871-8ABC-CC85B810C6D4}.Debug|x86.Build.0 = Debug|Win32
		{5AC474F5-BC00-4871-8ABC-CC85B810C6D4}.Release|x64.ActiveCfg = Release|x64
		{5AC474F5-BC00-4871-8ABC-CC85B810C6D4}.Release|x64.Build.0 = Release|x64
		{5AC474F5-BC00-4871-8ABC-CC85B810C6D4}.Release|x86.ActiveCfg = Release|Win32
		{5AC474F5-BC00-4871-8ABC-CC85B810C6D4}.Release|x86.Build.0 = Release|Win32
	EndGlobalSection
	GlobalSection(SolutionProperties) = preSolution
		HideSolutionNode = FALSE
	EndGlobalSection
	GlobalSection(ExtensibilityGlobals) = postSolution
		SolutionGuid = {29122723-B05B-42E9-8C4D-DEE8F5E22F44}
	EndGlobalSection
EndGlobal
