
Microsoft Visual Studio Solution File, Format Version 12.00
# Visual Studio Version 16
VisualStudioVersion = 16.0.32802.440
MinimumVisualStudioVersion = 10.0.40219.1
Project("{8BC9CEB8-8B4A-11D0-8D11-00A0C91BC942}") = "test_11_14", "test_11_14\test_11_14.vcxproj", "{81B9ED56-9FE5-4710-B3A9-3D443850E53C}"
EndProject
Global
	GlobalSection(SolutionConfigurationPlatforms) = preSolution
		Debug|x64 = Debug|x64
		Debug|x86 = Debug|x86
		Release|x64 = Release|x64
		Release|x86 = Release|x86
	EndGlobalSection
	GlobalSection(ProjectConfigurationPlatforms) = postSolution
		{81B9ED56-9FE5-4710-B3A9-3D443850E53C}.Debug|x64.ActiveCfg = Debug|x64
		{81B9ED56-9FE5-4710-B3A9-3D443850E53C}.Debug|x64.Build.0 = Debug|x64
		{81B9ED56-9FE5-4710-B3A9-3D443850E53C}.Debug|x86.ActiveCfg = Debug|Win32
		{81B9ED56-9FE5-4710-B3A9-3D443850E53C}.Debug|x86.Build.0 = Debug|Win32
		{81B9ED56-9FE5-4710-B3A9-3D443850E53C}.Release|x64.ActiveCfg = Release|x64
		{81B9ED56-9FE5-4710-B3A9-3D443850E53C}.Release|x64.Build.0 = Release|x64
		{81B9ED56-9FE5-4710-B3A9-3D443850E53C}.Release|x86.ActiveCfg = Release|Win32
		{81B9ED56-9FE5-4710-B3A9-3D443850E53C}.Release|x86.Build.0 = Release|Win32
	EndGlobalSection
	GlobalSection(SolutionProperties) = preSolution
		HideSolutionNode = FALSE
	EndGlobalSection
	GlobalSection(ExtensibilityGlobals) = postSolution
		SolutionGuid = {E363D3D0-5365-4379-AE92-C15BEA4F6790}
	EndGlobalSection
EndGlobal
