
Microsoft Visual Studio Solution File, Format Version 12.00
# Visual Studio Version 16
VisualStudioVersion = 16.0.32802.440
MinimumVisualStudioVersion = 10.0.40219.1
Project("{8BC9CEB8-8B4A-11D0-8D11-00A0C91BC942}") = "test_10_2", "test_10_2\test_10_2.vcxproj", "{AEFDF908-20ED-4620-9B1B-05440D6469AD}"
EndProject
Global
	GlobalSection(SolutionConfigurationPlatforms) = preSolution
		Debug|x64 = Debug|x64
		Debug|x86 = Debug|x86
		Release|x64 = Release|x64
		Release|x86 = Release|x86
	EndGlobalSection
	GlobalSection(ProjectConfigurationPlatforms) = postSolution
		{AEFDF908-20ED-4620-9B1B-05440D6469AD}.Debug|x64.ActiveCfg = Debug|x64
		{AEFDF908-20ED-4620-9B1B-05440D6469AD}.Debug|x64.Build.0 = Debug|x64
		{AEFDF908-20ED-4620-9B1B-05440D6469AD}.Debug|x86.ActiveCfg = Debug|Win32
		{AEFDF908-20ED-4620-9B1B-05440D6469AD}.Debug|x86.Build.0 = Debug|Win32
		{AEFDF908-20ED-4620-9B1B-05440D6469AD}.Release|x64.ActiveCfg = Release|x64
		{AEFDF908-20ED-4620-9B1B-05440D6469AD}.Release|x64.Build.0 = Release|x64
		{AEFDF908-20ED-4620-9B1B-05440D6469AD}.Release|x86.ActiveCfg = Release|Win32
		{AEFDF908-20ED-4620-9B1B-05440D6469AD}.Release|x86.Build.0 = Release|Win32
	EndGlobalSection
	GlobalSection(SolutionProperties) = preSolution
		HideSolutionNode = FALSE
	EndGlobalSection
	GlobalSection(ExtensibilityGlobals) = postSolution
		SolutionGuid = {28B68F32-44A6-4A2F-89BC-060DC3006801}
	EndGlobalSection
EndGlobal
